
Microsoft Visual Studio Solution File, Format Version 12.00
# Visual Studio Version 16
VisualStudioVersion = 16.0.31019.35
MinimumVisualStudioVersion = 10.0.40219.1
Project("{9A19103F-16F7-4668-BE54-9A1E7A4F7556}") = "Polaris", "Polaris\Polaris.csproj", "{C5288753-D06D-44E2-B08B-9605EE12634C}"
EndProject
Project("{FAE04EC0-301F-11D3-BF4B-00C04F79EFBC}") = "Octantis", "Octantis\Octantis.csproj", "{3547396D-9444-414A-B83E-9A0BF26002BE}"
EndProject
Global
	GlobalSection(SolutionConfigurationPlatforms) = preSolution
		Debug|Any CPU = Debug|Any CPU
		Release|Any CPU = Release|Any CPU
	EndGlobalSection
	GlobalSection(ProjectConfigurationPlatforms) = postSolution
		{C5288753-D06D-44E2-B08B-9605EE12634C}.Debug|Any CPU.ActiveCfg = Debug|Any CPU
		{C5288753-D06D-44E2-B08B-9605EE12634C}.Debug|Any CPU.Build.0 = Debug|Any CPU
		{C5288753-D06D-44E2-B08B-9605EE12634C}.Release|Any CPU.ActiveCfg = Release|Any CPU
		{C5288753-D06D-44E2-B08B-9605EE12634C}.Release|Any CPU.Build.0 = Release|Any CPU
		{3547396D-9444-414A-B83E-9A0BF26002BE}.Debug|Any CPU.ActiveCfg = Debug|Any CPU
		{3547396D-9444-414A-B83E-9A0BF26002BE}.Debug|Any CPU.Build.0 = Debug|Any CPU
		{3547396D-9444-414A-B83E-9A0BF26002BE}.Release|Any CPU.ActiveCfg = Release|Any CPU
		{3547396D-9444-414A-B83E-9A0BF26002BE}.Release|Any CPU.Build.0 = Release|Any CPU
	EndGlobalSection
	GlobalSection(SolutionProperties) = preSolution
		HideSolutionNode = FALSE
	EndGlobalSection
	GlobalSection(ExtensibilityGlobals) = postSolution
		SolutionGuid = {15375BA5-08AA-47AE-A20B-63000EE56282}
	EndGlobalSection
EndGlobal
